
Microsoft Visual Studio Solution File, Format Version 12.00
# Visual Studio Version 16
VisualStudioVersion = 16.0.32002.261
MinimumVisualStudioVersion = 10.0.40219.1
Project("{FAE04EC0-301F-11D3-BF4B-00C04F79EFBC}") = "EmployeeDirectoryProj", "EmployeeDirectoryProj\EmployeeDirectoryProj.csproj", "{805B6C68-48C4-4117-AF3F-C66E6256F4E0}"
EndProject
Global
	GlobalSection(SolutionConfigurationPlatforms) = preSolution
		Debug|Any CPU = Debug|Any CPU
		Release|Any CPU = Release|Any CPU
	EndGlobalSection
	GlobalSection(ProjectConfigurationPlatforms) = postSolution
		{805B6C68-48C4-4117-AF3F-C66E6256F4E0}.Debug|Any CPU.ActiveCfg = Debug|Any CPU
		{805B6C68-48C4-4117-AF3F-C66E6256F4E0}.Debug|Any CPU.Build.0 = Debug|Any CPU
		{805B6C68-48C4-4117-AF3F-C66E6256F4E0}.Release|Any CPU.ActiveCfg = Release|Any CPU
		{805B6C68-48C4-4117-AF3F-C66E6256F4E0}.Release|Any CPU.Build.0 = Release|Any CPU
	EndGlobalSection
	GlobalSection(SolutionProperties) = preSolution
		HideSolutionNode = FALSE
	EndGlobalSection
	GlobalSection(ExtensibilityGlobals) = postSolution
		SolutionGuid = {0BA7E513-C9FB-4733-B9E9-3416827E63DF}
	EndGlobalSection
EndGlobal
